lockfileVersion: '9.0'

settings:
  autoInstallPeers: true
  excludeLinksFromLockfile: false

importers:

  .:
    dependencies:
      pnpm:
        specifier: ^9.12.1
        version: 9.12.2
    devDependencies:
      unplugin-vue-router:
        specifier: ^0.10.8
        version: 0.10.8

packages:

  '@babel/helper-string-parser@7.25.7':
    resolution: {integrity: sha512-CbkjYdsJNHFk8uqpEkpCvRs3YRp9tY6FmFY7wLMSYuGYkrdUi7r2lc4/wqsvlHoMznX3WJ9IP8giGPq68T/Y6g==}
    engines: {node: '>=6.9.0'}

  '@babel/helper-validator-identifier@7.25.7':
    resolution: {integrity: sha512-AM6TzwYqGChO45oiuPqwL2t20/HdMC1rTPAesnBCgPCSF1x3oN9MVUwQV2iyz4xqWrctwK5RNC8LV22kaQCNYg==}
    engines: {node: '>=6.9.0'}

  '@babel/parser@7.25.8':
    resolution: {integrity: sha512-HcttkxzdPucv3nNFmfOOMfFf64KgdJVqm1KaCm25dPGMLElo9nsLvXeJECQg8UzPuBGLyTSA0ZzqCtDSzKTEoQ==}
    engines: {node: '>=6.0.0'}
    hasBin: true

  '@babel/types@7.25.8':
    resolution: {integrity: sha512-JWtuCu8VQsMladxVz/P4HzHUGCAwpuqacmowgXFs5XjxIgKuNjnLokQzuVjlTvIzODaDmpjT3oxcC48vyk9EWg==}
    engines: {node: '>=6.9.0'}

  '@jridgewell/sourcemap-codec@1.5.0':
    resolution: {integrity: sha512-gv3ZRaISU3fjPAgNsriBRqGWQL6quFx04YMPW/zD8XMLsU32mhCCbfbO6KZFLjvYpCZ8zyDEgqsgf+PwPaM7GQ==}

  '@nodelib/fs.scandir@2.1.5':
    resolution: {integrity: sha512-vq24Bq3ym5HEQm2NKCr3yXDwjc7vTsEThRDnkp2DK9p1uqLR+DHurm/NOTo0KG7HYHU7eppKZj3MyqYuMBf62g==}
    engines: {node: '>= 8'}

  '@nodelib/fs.stat@2.0.5':
    resolution: {integrity: sha512-RkhPPp2zrqDAQA/2jNhnztcPAlv64XdhIp7a7454A5ovI7Bukxgt7MX7udwAu3zg1DcpPU0rz3VV1SeaqvY4+A==}
    engines: {node: '>= 8'}

  '@nodelib/fs.walk@1.2.8':
    resolution: {integrity: sha512-oGB+UxlgWcgQkgwo8GcEGwemoTFt3FIO9ababBmaGwXIoBKZ+GTy0pP185beGg7Llih/NSHSV2XAs1lnznocSg==}
    engines: {node: '>= 8'}

  '@rollup/pluginutils@5.1.2':
    resolution: {integrity: sha512-/FIdS3PyZ39bjZlwqFnWqCOVnW7o963LtKMwQOD0NhQqw22gSr2YY1afu3FxRip4ZCZNsD5jq6Aaz6QV3D/Njw==}
    engines: {node: '>=14.0.0'}
    peerDependencies:
      rollup: ^1.20.0||^2.0.0||^3.0.0||^4.0.0
    peerDependenciesMeta:
      rollup:
        optional: true

  '@types/estree@1.0.6':
    resolution: {integrity: sha512-AYnb1nQyY49te+VRAVgmzfcgjYS91mY5P0TKUDCLEM+gNnA+3T6rWITXRLYCpahpqSQbN5cE+gHpnPyXjHWxcw==}

  '@vue-macros/common@1.15.0':
    resolution: {integrity: sha512-yg5VqW7+HRfJGimdKvFYzx8zorHUYo0hzPwuraoC1DWa7HHazbTMoVsHDvk3JHa1SGfSL87fRnzmlvgjEHhszA==}
    engines: {node: '>=16.14.0'}
    peerDependencies:
      vue: ^2.7.0 || ^3.2.25
    peerDependenciesMeta:
      vue:
        optional: true

  '@vue/compiler-core@3.5.12':
    resolution: {integrity: sha512-ISyBTRMmMYagUxhcpyEH0hpXRd/KqDU4ymofPgl2XAkY9ZhQ+h0ovEZJIiPop13UmR/54oA2cgMDjgroRelaEw==}

  '@vue/compiler-dom@3.5.12':
    resolution: {integrity: sha512-9G6PbJ03uwxLHKQ3P42cMTi85lDRvGLB2rSGOiQqtXELat6uI4n8cNz9yjfVHRPIu+MsK6TE418Giruvgptckg==}

  '@vue/compiler-sfc@3.5.12':
    resolution: {integrity: sha512-2k973OGo2JuAa5+ZlekuQJtitI5CgLMOwgl94BzMCsKZCX/xiqzJYzapl4opFogKHqwJk34vfsaKpfEhd1k5nw==}

  '@vue/compiler-ssr@3.5.12':
    resolution: {integrity: sha512-eLwc7v6bfGBSM7wZOGPmRavSWzNFF6+PdRhE+VFJhNCgHiF8AM7ccoqcv5kBXA2eWUfigD7byekvf/JsOfKvPA==}

  '@vue/shared@3.5.12':
    resolution: {integrity: sha512-L2RPSAwUFbgZH20etwrXyVyCBu9OxRSi8T/38QsvnkJyvq2LufW2lDCOzm7t/U9C1mkhJGWYfCuFBCmIuNivrg==}

  acorn@8.13.0:
    resolution: {integrity: sha512-8zSiw54Oxrdym50NlZ9sUusyO1Z1ZchgRLWRaK6c86XJFClyCgFKetdowBg5bKxyp/u+CDBJG4Mpp0m3HLZl9w==}
    engines: {node: '>=0.4.0'}
    hasBin: true

  anymatch@3.1.3:
    resolution: {integrity: sha512-KMReFUr0B4t+D+OBkjR3KYqvocp2XaSzO55UcB6mgQMd3KbcE+mWTyvVV7D/zsdEbNnV6acZUutkiHQXvTr1Rw==}
    engines: {node: '>= 8'}

  ast-kit@1.3.0:
    resolution: {integrity: sha512-ORycPY6qYSrAGMnSk1tlqy/Y0rFGk/WIYP/H6io0A+jXK2Jp3Il7h8vjfwaLvZUwanjiLwBeE5h3A9M+eQqeNw==}
    engines: {node: '>=16.14.0'}

  ast-walker-scope@0.6.2:
    resolution: {integrity: sha512-1UWOyC50xI3QZkRuDj6PqDtpm1oHWtYs+NQGwqL/2R11eN3Q81PHAHPM0SWW3BNQm53UDwS//Jv8L4CCVLM1bQ==}
    engines: {node: '>=16.14.0'}

  binary-extensions@2.3.0:
    resolution: {integrity: sha512-Ceh+7ox5qe7LJuLHoY0feh3pHuUDHAcRUeyL2VYghZwfpkNIy/+8Ocg0a3UuSoYzavmylwuLWQOf3hl0jjMMIw==}
    engines: {node: '>=8'}

  braces@3.0.3:
    resolution: {integrity: sha512-yQbXgO/OSZVD2IsiLlro+7Hf6Q18EJrKSEsdoMzKePKXct3gvD8oLcOQdIzGupr5Fj+EDe8gO/lxc1BzfMpxvA==}
    engines: {node: '>=8'}

  chokidar@3.6.0:
    resolution: {integrity: sha512-7VT13fmjotKpGipCW9JEQAusEPE+Ei8nl6/g4FBAmIm0GOOLMua9NDDo/DWp0ZAxCr3cPq5ZpBqmPAQgDda2Pw==}
    engines: {node: '>= 8.10.0'}

  confbox@0.1.8:
    resolution: {integrity: sha512-RMtmw0iFkeR4YV+fUOSucriAQNb9g8zFR52MWCtl+cCZOFRNL6zeB395vPzFhEjjn4fMxXudmELnl/KF/WrK6w==}

  entities@4.5.0:
    resolution: {integrity: sha512-V0hjH4dGPh9Ao5p0MoRY6BVqtwCjhz6vI5LT8AJ55H+4g9/4vbHx1I54fS0XuclLhDHArPQCiMjDxjaL8fPxhw==}
    engines: {node: '>=0.12'}

  estree-walker@2.0.2:
    resolution: {integrity: sha512-Rfkk/Mp/DL7JVje3u18FxFujQlTNR2q6QfMSMB7AvCBx91NGj/ba3kCfza0f6dVDbw7YlRf/nDrn7pQrCCyQ/w==}

  fast-glob@3.3.2:
    resolution: {integrity: sha512-oX2ruAFQwf/Orj8m737Y5adxDQO0LAB7/S5MnxCdTNDd4p6BsyIVsv9JQsATbTSq8KHRpLwIHbVlUNatxd+1Ow==}
    engines: {node: '>=8.6.0'}

  fastq@1.17.1:
    resolution: {integrity: sha512-sRVD3lWVIXWg6By68ZN7vho9a1pQcN/WBFaAAsDDFzlJjvoGx0P8z7V1t72grFJfJhu3YPZBuu25f7Kaw2jN1w==}

  fill-range@7.1.1:
    resolution: {integrity: sha512-YsGpe3WHLK8ZYi4tWDg2Jy3ebRz2rXowDxnld4bkQB00cc/1Zw9AWnC0i9ztDJitivtQvaI9KaLyKrc+hBW0yg==}
    engines: {node: '>=8'}

  fsevents@2.3.3:
    resolution: {integrity: sha512-5xoDfX+fL7faATnagmWPpbFtwh/R77WmMMqqHGS65C3vvB0YHrgF+B1YmZ3441tMj5n63k0212XNoJwzlhffQw==}
    engines: {node: ^8.16.0 || ^10.6.0 || >=11.0.0}
    os: [darwin]

  glob-parent@5.1.2:
    resolution: {integrity: sha512-AOIgSQCepiJYwP3ARnGx+5VnTu2HBYdzbGP45eLw1vr3zB3vZLeyed1sC9hnbcOc9/SrMyM5RPQrkGz4aS9Zow==}
    engines: {node: '>= 6'}

  is-binary-path@2.1.0:
    resolution: {integrity: sha512-ZMERYes6pDydyuGidse7OsHxtbI7WVeUEozgR/g7rd0xUimYNlvZRE/K2MgZTjWy725IfelLeVcEM97mmtRGXw==}
    engines: {node: '>=8'}

  is-extglob@2.1.1:
    resolution: {integrity: sha512-SbKbANkN603Vi4jEZv49LeVJMn4yGwsbzZworEoyEiutsN3nJYdbO36zfhGJ6QEDpOZIFkDtnq5JRxmvl3jsoQ==}
    engines: {node: '>=0.10.0'}

  is-glob@4.0.3:
    resolution: {integrity: sha512-xelSayHH36ZgE7ZWhli7pW34hNbNl8Ojv5KVmkJD4hBdD3th8Tfk9vYasLM+mXWOZhFkgZfxhLSnrwRr4elSSg==}
    engines: {node: '>=0.10.0'}

  is-number@7.0.0:
    resolution: {integrity: sha512-41Cifkg6e8TylSpdtTpeLVMqvSBEVzTttHvERD741+pnZ8ANv0004MRL43QKPDlK9cGvNp6NZWZUBlbGXYxxng==}
    engines: {node: '>=0.12.0'}

  json5@2.2.3:
    resolution: {integrity: sha512-XmOWe7eyHYH14cLdVPoyg+GOH3rYX++KpzrylJwSW98t3Nk+U8XOl8FWKOgwtzdb8lXGf6zYwDUzeHMWfxasyg==}
    engines: {node: '>=6'}
    hasBin: true

  local-pkg@0.5.0:
    resolution: {integrity: sha512-ok6z3qlYyCDS4ZEU27HaU6x/xZa9Whf8jD4ptH5UZTQYZVYeb9bnZ3ojVhiJNLiXK1Hfc0GNbLXcmZ5plLDDBg==}
    engines: {node: '>=14'}

  magic-string-ast@0.6.2:
    resolution: {integrity: sha512-oN3Bcd7ZVt+0VGEs7402qR/tjgjbM7kPlH/z7ufJnzTLVBzXJITRHOJiwMmmYMgZfdoWQsfQcY+iKlxiBppnMA==}
    engines: {node: '>=16.14.0'}

  magic-string@0.30.12:
    resolution: {integrity: sha512-Ea8I3sQMVXr8JhN4z+H/d8zwo+tYDgHE9+5G4Wnrwhs0gaK9fXTKx0Tw5Xwsd/bCPTTZNRAdpyzvoeORe9LYpw==}

  merge2@1.4.1:
    resolution: {integrity: sha512-8q7VEgMJW4J8tcfVPy8g09NcQwZdbwFEqhe/WZkoIzjn/3TGDwtOCYtXGxA3O8tPzpczCCDgv+P2P5y00ZJOOg==}
    engines: {node: '>= 8'}

  micromatch@4.0.8:
    resolution: {integrity: sha512-PXwfBhYu0hBCPw8Dn0E+WDYb7af3dSLVWKi3HGv84IdF4TyFoC0ysxFd0Goxw7nSv4T/PzEJQxsYsEiFCKo2BA==}
    engines: {node: '>=8.6'}

  mlly@1.7.2:
    resolution: {integrity: sha512-tN3dvVHYVz4DhSXinXIk7u9syPYaJvio118uomkovAtWBT+RdbP6Lfh/5Lvo519YMmwBafwlh20IPTXIStscpA==}

  nanoid@3.3.7:
    resolution: {integrity: sha512-eSRppjcPIatRIMC1U6UngP8XFcz8MQWGQdt1MTBQ7NaAmvXDfvNxbvWV3x2y6CdEUciCSsDHDQZbhYaB8QEo2g==}
    engines: {node: ^10 || ^12 || ^13.7 || ^14 || >=15.0.1}
    hasBin: true

  normalize-path@3.0.0:
    resolution: {integrity: sha512-6eZs5Ls3WtCisHWp9S2GUy8dqkpGi4BVSz3GaqiE6ezub0512ESztXUwUB6C6IKbQkY2Pnb/mD4WYojCRwcwLA==}
    engines: {node: '>=0.10.0'}

  pathe@1.1.2:
    resolution: {integrity: sha512-whLdWMYL2TwI08hn8/ZqAbrVemu0LNaNNJZX73O6qaIdCTfXutsLhMkjdENX0qhsQ9uIimo4/aQOmXkoon2nDQ==}

  picocolors@1.1.1:
    resolution: {integrity: sha512-xceH2snhtb5M9liqDsmEw56le376mTZkEX/jEb/RxNFyegNul7eNslCXP9FDj/Lcu0X8KEyMceP2ntpaHrDEVA==}

  picomatch@2.3.1:
    resolution: {integrity: sha512-JU3teHTNjmE2VCGFzuY8EXzCDVwEqB2a8fsIvwaStHhAWJEeVd1o1QD80CU6+ZdEXXSLbSsuLwJjkCBWqRQUVA==}
    engines: {node: '>=8.6'}

  pkg-types@1.2.1:
    resolution: {integrity: sha512-sQoqa8alT3nHjGuTjuKgOnvjo4cljkufdtLMnO2LBP/wRwuDlo1tkaEdMxCRhyGRPacv/ztlZgDPm2b7FAmEvw==}

  pnpm@9.12.2:
    resolution: {integrity: sha512-InIbOhH4FmGuHsaM4ae4eUJaHKW5kcl1sHSsIgsYfOVscI/l22n0yWLJiUUu7nbIKHf07oD0dM69Ye4TRhtiKA==}
    engines: {node: '>=18.12'}
    hasBin: true

  postcss@8.4.47:
    resolution: {integrity: sha512-56rxCq7G/XfB4EkXq9Egn5GCqugWvDFjafDOThIdMBsI15iqPqR5r15TfSr1YPYeEI19YeaXMCbY6u88Y76GLQ==}
    engines: {node: ^10 || ^12 || >=14}

  queue-microtask@1.2.3:
    resolution: {integrity: sha512-NuaNSa6flKT5JaSYQzJok04JzTL1CA6aGhv5rfLW3PgqA+M2ChpZQnAC8h8i4ZFkBS8X5RqkDBHA7r4hej3K9A==}

  readdirp@3.6.0:
    resolution: {integrity: sha512-hOS089on8RduqdbhvQ5Z37A0ESjsqz6qnRcffsMU3495FuTdqSm+7bhJ29JvIOsBDEEnan5DPu9t3To9VRlMzA==}
    engines: {node: '>=8.10.0'}

  reusify@1.0.4:
    resolution: {integrity: sha512-U9nH88a3fc/ekCF1l0/UP1IosiuIjyTh7hBvXVMHYgVcfGvt897Xguj2UOLDeI5BG2m7/uwyaLVT6fbtCwTyzw==}
    engines: {iojs: '>=1.0.0', node: '>=0.10.0'}

  run-parallel@1.2.0:
    resolution: {integrity: sha512-5l4VyZR86LZ/lDxZTR6jqL8AFE2S0IFLMP26AbjsLVADxHdhB/c0GUsH+y39UfCi3dzz8OlQuPmnaJOMoDHQBA==}

  scule@1.3.0:
    resolution: {integrity: sha512-6FtHJEvt+pVMIB9IBY+IcCJ6Z5f1iQnytgyfKMhDKgmzYG+TeH/wx1y3l27rshSbLiSanrR9ffZDrEsmjlQF2g==}

  source-map-js@1.2.1:
    resolution: {integrity: sha512-UXWMKhLOwVKb728IUtQPXxfYU+usdybtUrK/8uGE8CQMvrhOpwvzDBwj0QhSL7MQc7vIsISBG8VQ8+IDQxpfQA==}
    engines: {node: '>=0.10.0'}

  to-fast-properties@2.0.0:
    resolution: {integrity: sha512-/OaKK0xYrs3DmxRYqL/yDc+FxFUVYhDlXMhRmv3z915w2HF1tnN1omB354j8VUGO/hbRzyD6Y3sA7v7GS/ceog==}
    engines: {node: '>=4'}

  to-regex-range@5.0.1:
    resolution: {integrity: sha512-65P7iz6X5yEr1cwcgvQxbbIw7Uk3gOy5dIdtZ4rDveLqhrdJP+Li/Hx6tyK0NEb+2GCyneCMJiGqrADCSNk8sQ==}
    engines: {node: '>=8.0'}

  ufo@1.5.4:
    resolution: {integrity: sha512-UsUk3byDzKd04EyoZ7U4DOlxQaD14JUKQl6/P7wiX4FNvUfm3XL246n9W5AmqwW5RSFJ27NAuM0iLscAOYUiGQ==}

  unplugin-vue-router@0.10.8:
    resolution: {integrity: sha512-xi+eLweYAqolIoTRSmumbi6Yx0z5M0PLvl+NFNVWHJgmE2ByJG1SZbrn+TqyuDtIyln20KKgq8tqmL7aLoiFjw==}
    peerDependencies:
      vue-router: ^4.4.0
    peerDependenciesMeta:
      vue-router:
        optional: true

  unplugin@1.14.1:
    resolution: {integrity: sha512-lBlHbfSFPToDYp9pjXlUEFVxYLaue9f9T1HC+4OHlmj+HnMDdz9oZY+erXfoCe/5V/7gKUSY2jpXPb9S7f0f/w==}
    engines: {node: '>=14.0.0'}
    peerDependencies:
      webpack-sources: ^3
    peerDependenciesMeta:
      webpack-sources:
        optional: true

  webpack-virtual-modules@0.6.2:
    resolution: {integrity: sha512-66/V2i5hQanC51vBQKPH4aI8NMAcBW59FVBs+rC7eGHupMyfn34q7rZIE+ETlJ+XTevqfUhVVBgSUNSW2flEUQ==}

  yaml@2.6.0:
    resolution: {integrity: sha512-a6ae//JvKDEra2kdi1qzCyrJW/WZCgFi8ydDV+eXExl95t+5R+ijnqHJbz9tmMh8FUjx3iv2fCQ4dclAQlO2UQ==}
    engines: {node: '>= 14'}
    hasBin: true

snapshots:

  '@babel/helper-string-parser@7.25.7': {}

  '@babel/helper-validator-identifier@7.25.7': {}

  '@babel/parser@7.25.8':
    dependencies:
      '@babel/types': 7.25.8

  '@babel/types@7.25.8':
    dependencies:
      '@babel/helper-string-parser': 7.25.7
      '@babel/helper-validator-identifier': 7.25.7
      to-fast-properties: 2.0.0

  '@jridgewell/sourcemap-codec@1.5.0': {}

  '@nodelib/fs.scandir@2.1.5':
    dependencies:
      '@nodelib/fs.stat': 2.0.5
      run-parallel: 1.2.0

  '@nodelib/fs.stat@2.0.5': {}

  '@nodelib/fs.walk@1.2.8':
    dependencies:
      '@nodelib/fs.scandir': 2.1.5
      fastq: 1.17.1

  '@rollup/pluginutils@5.1.2':
    dependencies:
      '@types/estree': 1.0.6
      estree-walker: 2.0.2
      picomatch: 2.3.1

  '@types/estree@1.0.6': {}

  '@vue-macros/common@1.15.0':
    dependencies:
      '@babel/types': 7.25.8
      '@rollup/pluginutils': 5.1.2
      '@vue/compiler-sfc': 3.5.12
      ast-kit: 1.3.0
      local-pkg: 0.5.0
      magic-string-ast: 0.6.2
    transitivePeerDependencies:
      - rollup

  '@vue/compiler-core@3.5.12':
    dependencies:
      '@babel/parser': 7.25.8
      '@vue/shared': 3.5.12
      entities: 4.5.0
      estree-walker: 2.0.2
      source-map-js: 1.2.1

  '@vue/compiler-dom@3.5.12':
    dependencies:
      '@vue/compiler-core': 3.5.12
      '@vue/shared': 3.5.12

  '@vue/compiler-sfc@3.5.12':
    dependencies:
      '@babel/parser': 7.25.8
      '@vue/compiler-core': 3.5.12
      '@vue/compiler-dom': 3.5.12
      '@vue/compiler-ssr': 3.5.12
      '@vue/shared': 3.5.12
      estree-walker: 2.0.2
      magic-string: 0.30.12
      postcss: 8.4.47
      source-map-js: 1.2.1

  '@vue/compiler-ssr@3.5.12':
    dependencies:
      '@vue/compiler-dom': 3.5.12
      '@vue/shared': 3.5.12

  '@vue/shared@3.5.12': {}

  acorn@8.13.0: {}

  anymatch@3.1.3:
    dependencies:
      normalize-path: 3.0.0
      picomatch: 2.3.1

  ast-kit@1.3.0:
    dependencies:
      '@babel/parser': 7.25.8
      pathe: 1.1.2

  ast-walker-scope@0.6.2:
    dependencies:
      '@babel/parser': 7.25.8
      ast-kit: 1.3.0

  binary-extensions@2.3.0: {}

  braces@3.0.3:
    dependencies:
      fill-range: 7.1.1

  chokidar@3.6.0:
    dependencies:
      anymatch: 3.1.3
      braces: 3.0.3
      glob-parent: 5.1.2
      is-binary-path: 2.1.0
      is-glob: 4.0.3
      normalize-path: 3.0.0
      readdirp: 3.6.0
    optionalDependencies:
      fsevents: 2.3.3

  confbox@0.1.8: {}

  entities@4.5.0: {}

  estree-walker@2.0.2: {}

  fast-glob@3.3.2:
    dependencies:
      '@nodelib/fs.stat': 2.0.5
      '@nodelib/fs.walk': 1.2.8
      glob-parent: 5.1.2
      merge2: 1.4.1
      micromatch: 4.0.8

  fastq@1.17.1:
    dependencies:
      reusify: 1.0.4

  fill-range@7.1.1:
    dependencies:
      to-regex-range: 5.0.1

  fsevents@2.3.3:
    optional: true

  glob-parent@5.1.2:
    dependencies:
      is-glob: 4.0.3

  is-binary-path@2.1.0:
    dependencies:
      binary-extensions: 2.3.0

  is-extglob@2.1.1: {}

  is-glob@4.0.3:
    dependencies:
      is-extglob: 2.1.1

  is-number@7.0.0: {}

  json5@2.2.3: {}

  local-pkg@0.5.0:
    dependencies:
      mlly: 1.7.2
      pkg-types: 1.2.1

  magic-string-ast@0.6.2:
    dependencies:
      magic-string: 0.30.12

  magic-string@0.30.12:
    dependencies:
      '@jridgewell/sourcemap-codec': 1.5.0

  merge2@1.4.1: {}

  micromatch@4.0.8:
    dependencies:
      braces: 3.0.3
      picomatch: 2.3.1

  mlly@1.7.2:
    dependencies:
      acorn: 8.13.0
      pathe: 1.1.2
      pkg-types: 1.2.1
      ufo: 1.5.4

  nanoid@3.3.7: {}

  normalize-path@3.0.0: {}

  pathe@1.1.2: {}

  picocolors@1.1.1: {}

  picomatch@2.3.1: {}

  pkg-types@1.2.1:
    dependencies:
      confbox: 0.1.8
      mlly: 1.7.2
      pathe: 1.1.2

  pnpm@9.12.2: {}

  postcss@8.4.47:
    dependencies:
      nanoid: 3.3.7
      picocolors: 1.1.1
      source-map-js: 1.2.1

  queue-microtask@1.2.3: {}

  readdirp@3.6.0:
    dependencies:
      picomatch: 2.3.1

  reusify@1.0.4: {}

  run-parallel@1.2.0:
    dependencies:
      queue-microtask: 1.2.3

  scule@1.3.0: {}

  source-map-js@1.2.1: {}

  to-fast-properties@2.0.0: {}

  to-regex-range@5.0.1:
    dependencies:
      is-number: 7.0.0

  ufo@1.5.4: {}

  unplugin-vue-router@0.10.8:
    dependencies:
      '@babel/types': 7.25.8
      '@rollup/pluginutils': 5.1.2
      '@vue-macros/common': 1.15.0
      ast-walker-scope: 0.6.2
      chokidar: 3.6.0
      fast-glob: 3.3.2
      json5: 2.2.3
      local-pkg: 0.5.0
      magic-string: 0.30.12
      mlly: 1.7.2
      pathe: 1.1.2
      scule: 1.3.0
      unplugin: 1.14.1
      yaml: 2.6.0
    transitivePeerDependencies:
      - rollup
      - vue
      - webpack-sources

  unplugin@1.14.1:
    dependencies:
      acorn: 8.13.0
      webpack-virtual-modules: 0.6.2

  webpack-virtual-modules@0.6.2: {}

  yaml@2.6.0: {}
